
Microsoft Visual Studio Solution File, Format Version 12.00
# Visual Studio Version 17
VisualStudioVersion = 17.8.34601.278
MinimumVisualStudioVersion = 10.0.40219.1
Project("{FAE04EC0-301F-11D3-BF4B-00C04F79EFBC}") = "BE35", "BE35.csproj", "{AE9B5E70-CCC3-4716-B89F-D78CC190FC62}"
EndProject
Global
	GlobalSection(SolutionConfigurationPlatforms) = preSolution
		Debug|Any CPU = Debug|Any CPU
		Release|Any CPU = Release|Any CPU
	EndGlobalSection
	GlobalSection(ProjectConfigurationPlatforms) = postSolution
		{AE9B5E70-CCC3-4716-B89F-D78CC190FC62}.Debug|Any CPU.ActiveCfg = Debug|Any CPU
		{AE9B5E70-CCC3-4716-B89F-D78CC190FC62}.Debug|Any CPU.Build.0 = Debug|Any CPU
		{AE9B5E70-CCC3-4716-B89F-D78CC190FC62}.Release|Any CPU.ActiveCfg = Release|Any CPU
		{AE9B5E70-CCC3-4716-B89F-D78CC190FC62}.Release|Any CPU.Build.0 = Release|Any CPU
	EndGlobalSection
	GlobalSection(SolutionProperties) = preSolution
		HideSolutionNode = FALSE
	EndGlobalSection
	GlobalSection(ExtensibilityGlobals) = postSolution
		SolutionGuid = {90D35411-FD44-4B32-B655-228AB2DDA119}
	EndGlobalSection
EndGlobal
